
Microsoft Visual Studio Solution File, Format Version 12.00
# Visual Studio Version 16
VisualStudioVersion = 16.0.32428.217
MinimumVisualStudioVersion = 10.0.40219.1
Project("{9A19103F-16F7-4668-BE54-9A1E7A4F7556}") = "ActivityTest", "ActivityTest.csproj", "{8E577C84-4943-4DA0-88AB-FDA2CFFF4960}"
EndProject
Global
	GlobalSection(SolutionConfigurationPlatforms) = preSolution
		Debug|Any CPU = Debug|Any CPU
		Release|Any CPU = Release|Any CPU
	EndGlobalSection
	GlobalSection(ProjectConfigurationPlatforms) = postSolution
		{8E577C84-4943-4DA0-88AB-FDA2CFFF4960}.Debug|Any CPU.ActiveCfg = Debug|Any CPU
		{8E577C84-4943-4DA0-88AB-FDA2CFFF4960}.Debug|Any CPU.Build.0 = Debug|Any CPU
		{8E577C84-4943-4DA0-88AB-FDA2CFFF4960}.Release|Any CPU.ActiveCfg = Release|Any CPU
		{8E577C84-4943-4DA0-88AB-FDA2CFFF4960}.Release|Any CPU.Build.0 = Release|Any CPU
	EndGlobalSection
	GlobalSection(SolutionProperties) = preSolution
		HideSolutionNode = FALSE
	EndGlobalSection
	GlobalSection(ExtensibilityGlobals) = postSolution
		SolutionGuid = {5ADE8D80-D878-454D-84DC-163209F92645}
	EndGlobalSection
EndGlobal
